
Microsoft Visual Studio Solution File, Format Version 12.00
# Visual Studio Version 16
VisualStudioVersion = 16.0.30621.155
MinimumVisualStudioVersion = 10.0.40219.1
Project("{FAE04EC0-301F-11D3-BF4B-00C04F79EFBC}") = "CVRGoesBrrr", "CVRGoesBrrr.csproj", "{28893DEB-734B-4161-926E-5CC6C28CE143}"
EndProject
Project("{2150E333-8FDC-42A3-9474-1A3956D46DE8}") = "Solution Items", "Solution Items", "{7083AB75-375F-4A0E-9A12-059C6D68FEB1}"
	ProjectSection(SolutionItems) = preProject
		.editorconfig = .editorconfig
	EndProjectSection
EndProject
Project("{FAE04EC0-301F-11D3-BF4B-00C04F79EFBC}") = "AdultToyAPI", "..\AdultToyAPI\AdultToyAPI.csproj", "{9CC08F07-3C12-497B-87A0-789597F8C5DD}"
EndProject
Global
	GlobalSection(SolutionConfigurationPlatforms) = preSolution
		Debug|Any CPU = Debug|Any CPU
		Debug|x64 = Debug|x64
		Release|Any CPU = Release|Any CPU
		Release|x64 = Release|x64
	EndGlobalSection
	GlobalSection(ProjectConfigurationPlatforms) = postSolution
		{28893DEB-734B-4161-926E-5CC6C28CE143}.Debug|Any CPU.ActiveCfg = Debug|x64
		{28893DEB-734B-4161-926E-5CC6C28CE143}.Debug|Any CPU.Build.0 = Debug|x64
		{28893DEB-734B-4161-926E-5CC6C28CE143}.Debug|x64.ActiveCfg = Debug|x64
		{28893DEB-734B-4161-926E-5CC6C28CE143}.Debug|x64.Build.0 = Debug|x64
		{28893DEB-734B-4161-926E-5CC6C28CE143}.Release|Any CPU.ActiveCfg = Release|x64
		{28893DEB-734B-4161-926E-5CC6C28CE143}.Release|Any CPU.Build.0 = Release|x64
		{28893DEB-734B-4161-926E-5CC6C28CE143}.Release|x64.ActiveCfg = Release|x64
		{28893DEB-734B-4161-926E-5CC6C28CE143}.Release|x64.Build.0 = Release|x64
		{9CC08F07-3C12-497B-87A0-789597F8C5DD}.Debug|Any CPU.ActiveCfg = Debug|Any CPU
		{9CC08F07-3C12-497B-87A0-789597F8C5DD}.Debug|Any CPU.Build.0 = Debug|Any CPU
		{9CC08F07-3C12-497B-87A0-789597F8C5DD}.Debug|x64.ActiveCfg = Debug|Any CPU
		{9CC08F07-3C12-497B-87A0-789597F8C5DD}.Debug|x64.Build.0 = Debug|Any CPU
		{9CC08F07-3C12-497B-87A0-789597F8C5DD}.Release|Any CPU.ActiveCfg = Release|Any CPU
		{9CC08F07-3C12-497B-87A0-789597F8C5DD}.Release|Any CPU.Build.0 = Release|Any CPU
		{9CC08F07-3C12-497B-87A0-789597F8C5DD}.Release|x64.ActiveCfg = Release|Any CPU
		{9CC08F07-3C12-497B-87A0-789597F8C5DD}.Release|x64.Build.0 = Release|Any CPU
	EndGlobalSection
	GlobalSection(SolutionProperties) = preSolution
		HideSolutionNode = FALSE
	EndGlobalSection
	GlobalSection(ExtensibilityGlobals) = postSolution
		SolutionGuid = {9FA5A97E-D4E1-4FD8-A737-D33B7F9D0DC9}
	EndGlobalSection
EndGlobal
